
Microsoft Visual Studio Solution File, Format Version 12.00
# Visual Studio 15
VisualStudioVersion = 15.0.28010.2050
MinimumVisualStudioVersion = 10.0.40219.1
Project("{FAE04EC0-301F-11D3-BF4B-00C04F79EFBC}") = "2DimenArray", "2DimenArray\2DimenArray.csproj", "{09138914-54C0-451F-8A0E-608F77B45710}"
EndProject
Project("{FAE04EC0-301F-11D3-BF4B-00C04F79EFBC}") = "HW4", "HW4\HW4.csproj", "{1BA0C644-7F25-4A9A-A013-59D9728FEE42}"
EndProject
Global
	GlobalSection(SolutionConfigurationPlatforms) = preSolution
		Debug|Any CPU = Debug|Any CPU
		Release|Any CPU = Release|Any CPU
	EndGlobalSection
	GlobalSection(ProjectConfigurationPlatforms) = postSolution
		{09138914-54C0-451F-8A0E-608F77B45710}.Debug|Any CPU.ActiveCfg = Debug|Any CPU
		{09138914-54C0-451F-8A0E-608F77B45710}.Debug|Any CPU.Build.0 = Debug|Any CPU
		{09138914-54C0-451F-8A0E-608F77B45710}.Release|Any CPU.ActiveCfg = Release|Any CPU
		{09138914-54C0-451F-8A0E-608F77B45710}.Release|Any CPU.Build.0 = Release|Any CPU
		{1BA0C644-7F25-4A9A-A013-59D9728FEE42}.Debug|Any CPU.ActiveCfg = Debug|Any CPU
		{1BA0C644-7F25-4A9A-A013-59D9728FEE42}.Debug|Any CPU.Build.0 = Debug|Any CPU
		{1BA0C644-7F25-4A9A-A013-59D9728FEE42}.Release|Any CPU.ActiveCfg = Release|Any CPU
		{1BA0C644-7F25-4A9A-A013-59D9728FEE42}.Release|Any CPU.Build.0 = Release|Any CPU
	EndGlobalSection
	GlobalSection(SolutionProperties) = preSolution
		HideSolutionNode = FALSE
	EndGlobalSection
	GlobalSection(ExtensibilityGlobals) = postSolution
		SolutionGuid = {D0BD624E-E122-4699-99AE-AEE2BFD06A83}
	EndGlobalSection
EndGlobal
